
Microsoft Visual Studio Solution File, Format Version 12.00
Project("{FAE04EC0-301F-11D3-BF4B-00C04F79EFBC}") = "AppsGenerate", "AppsGenerate\AppsGenerate.csproj", "{BEF6056C-1978-4387-8ABD-8E3F96A201E5}"
EndProject
Global
	GlobalSection(SolutionConfigurationPlatforms) = preSolution
		Debug|Any CPU = Debug|Any CPU
		Release|Any CPU = Release|Any CPU
	EndGlobalSection
	GlobalSection(ProjectConfigurationPlatforms) = postSolution
		{BEF6056C-1978-4387-8ABD-8E3F96A201E5}.Debug|Any CPU.ActiveCfg = Debug|Any CPU
		{BEF6056C-1978-4387-8ABD-8E3F96A201E5}.Debug|Any CPU.Build.0 = Debug|Any CPU
		{BEF6056C-1978-4387-8ABD-8E3F96A201E5}.Release|Any CPU.ActiveCfg = Release|Any CPU
		{BEF6056C-1978-4387-8ABD-8E3F96A201E5}.Release|Any CPU.Build.0 = Release|Any CPU
	EndGlobalSection
EndGlobal
